
Microsoft Visual Studio Solution File, Format Version 12.00
# Visual Studio Version 17
VisualStudioVersion = 17.8.34525.116
MinimumVisualStudioVersion = 10.0.40219.1
Project("{FAE04EC0-301F-11D3-BF4B-00C04F79EFBC}") = "VS-DIPractice", "VS-DIPractice.csproj", "{318C3FC1-3F81-44C3-A9F6-3CE34CBEE890}"
EndProject
Global
	GlobalSection(SolutionConfigurationPlatforms) = preSolution
		Debug|Any CPU = Debug|Any CPU
		Release|Any CPU = Release|Any CPU
	EndGlobalSection
	GlobalSection(ProjectConfigurationPlatforms) = postSolution
		{318C3FC1-3F81-44C3-A9F6-3CE34CBEE890}.Debug|Any CPU.ActiveCfg = Debug|Any CPU
		{318C3FC1-3F81-44C3-A9F6-3CE34CBEE890}.Debug|Any CPU.Build.0 = Debug|Any CPU
		{318C3FC1-3F81-44C3-A9F6-3CE34CBEE890}.Release|Any CPU.ActiveCfg = Release|Any CPU
		{318C3FC1-3F81-44C3-A9F6-3CE34CBEE890}.Release|Any CPU.Build.0 = Release|Any CPU
	EndGlobalSection
	GlobalSection(SolutionProperties) = preSolution
		HideSolutionNode = FALSE
	EndGlobalSection
	GlobalSection(ExtensibilityGlobals) = postSolution
		SolutionGuid = {A3C215A8-8F9F-489B-9FA1-3AB502CD6E14}
	EndGlobalSection
EndGlobal
